lockfileVersion: '9.0'

settings:
  autoInstallPeers: true
  excludeLinksFromLockfile: false

importers:

  .:
    dependencies:
      v86:
        specifier: ^0.5.357
        version: 0.5.357

packages:

  v86@0.5.357:
    resolution: {integrity: sha512-3wRERiyQIq3/nH15Ho2K1oBPGMOBZ+S2Tt0lFkFiHB2IbueRgzGDxS9tJnlWt2KxDlrTwnMCjdAZ0OgYdNDlig==}

snapshots:

  v86@0.5.357: {}
